
Microsoft Visual Studio Solution File, Format Version 12.00
# Visual Studio 2013
VisualStudioVersion = 12.0.31101.0
MinimumVisualStudioVersion = 10.0.40219.1
Project("{FAE04EC0-301F-11D3-BF4B-00C04F79EFBC}") = "SecProject", "SecProject\SecProject.csproj", "{C4AD600D-B956-433A-9688-B2CF714EAD45}"
EndProject
Project("{FAE04EC0-301F-11D3-BF4B-00C04F79EFBC}") = "Common", "Common\Common.csproj", "{F8FA7A5D-7897-41D7-9ACC-084B756B1A1E}"
EndProject
Project("{2150E333-8FDC-42A3-9474-1A3956D46DE8}") = ".nuget", ".nuget", "{DFF0FD6B-4BC1-4533-9FC2-333626BEFA4B}"
	ProjectSection(SolutionItems) = preProject
		.nuget\NuGet.Config = .nuget\NuGet.Config
		.nuget\NuGet.exe = .nuget\NuGet.exe
		.nuget\NuGet.targets = .nuget\NuGet.targets
	EndProjectSection
EndProject
Global
	GlobalSection(SolutionConfigurationPlatforms) = preSolution
		Debug|Any CPU = Debug|Any CPU
		Release|Any CPU = Release|Any CPU
	EndGlobalSection
	GlobalSection(ProjectConfigurationPlatforms) = postSolution
		{C4AD600D-B956-433A-9688-B2CF714EAD45}.Debug|Any CPU.ActiveCfg = Debug|Any CPU
		{C4AD600D-B956-433A-9688-B2CF714EAD45}.Debug|Any CPU.Build.0 = Debug|Any CPU
		{C4AD600D-B956-433A-9688-B2CF714EAD45}.Release|Any CPU.ActiveCfg = Release|Any CPU
		{C4AD600D-B956-433A-9688-B2CF714EAD45}.Release|Any CPU.Build.0 = Release|Any CPU
		{F8FA7A5D-7897-41D7-9ACC-084B756B1A1E}.Debug|Any CPU.ActiveCfg = Debug|Any CPU
		{F8FA7A5D-7897-41D7-9ACC-084B756B1A1E}.Debug|Any CPU.Build.0 = Debug|Any CPU
		{F8FA7A5D-7897-41D7-9ACC-084B756B1A1E}.Release|Any CPU.ActiveCfg = Release|Any CPU
		{F8FA7A5D-7897-41D7-9ACC-084B756B1A1E}.Release|Any CPU.Build.0 = Release|Any CPU
	EndGlobalSection
	GlobalSection(SolutionProperties) = preSolution
		HideSolutionNode = FALSE
	EndGlobalSection
EndGlobal
